// !$*UTF8*$!
{
	archiveVersion = 1;
	classes = {
	};
	objectVersion = 50;
	objects = {

/* Begin PBXBuildFile section */
		B613ECAA2498667F00E3EB67 /* AppDelegate.swift in Sources */ = {isa = PBXBuildFile; fileRef = B613ECA92498667F00E3EB67 /* AppDelegate.swift */; };
		B613ECAC2498667F00E3EB67 /* SceneDelegate.swift in Sources */ = {isa = PBXBuildFile; fileRef = B613ECAB2498667F00E3EB67 /* SceneDelegate.swift */; };
		B613ECAE2498667F00E3EB67 /* ContentView.swift in Sources */ = {isa = PBXBuildFile; fileRef = B613ECAD2498667F00E3EB67 /* ContentView.swift */; };
		B613ECB02498668200E3EB67 /* Assets.xcassets in Resources */ = {isa = PBXBuildFile; fileRef = B613ECAF2498668200E3EB67 /* Assets.xcassets */; };
		B613ECB32498668200E3EB67 /* Preview Assets.xcassets in Resources */ = {isa = PBXBuildFile; fileRef = B613ECB22498668200E3EB67 /* Preview Assets.xcassets */; };
		B613ECB62498668200E3EB67 /* LaunchScreen.storyboard in Resources */ = {isa = PBXBuildFile; fileRef = B613ECB42498668200E3EB67 /* LaunchScreen.storyboard */; };
/* End PBXBuildFile section */

/* Begin PBXFileReference section */
		B613ECA62498667F00E3EB67 /* diceApp.app */ = {isa = PBXFileReference; explicitFileType = wrapper.application; includeInIndex = 0; path = diceApp.app; sourceTree = BUILT_PRODUCTS_DIR; };
		B613ECA92498667F00E3EB67 /* AppDelegate.swift */ = {isa = PBXFileReference; lastKnownFileType = sourcecode.swift; path = AppDelegate.swift; sourceTree = "<group>"; };
		B613ECAB2498667F00E3EB67 /* SceneDelegate.swift */ = {isa = PBXFileReference; lastKnownFileType = sourcecode.swift; path = SceneDelegate.swift; sourceTree = "<group>"; };
		B613ECAD2498667F00E3EB67 /* ContentView.swift */ = {isa = PBXFileReference; lastKnownFileType = sourcecode.swift; path = ContentView.swift; sourceTree = "<group>"; };
		B613ECAF2498668200E3EB67 /* Assets.xcassets */ = {isa = PBXFileReference; lastKnownFileType = folder.assetcatalog; path = Assets.xcassets; sourceTree = "<group>"; };
		B613ECB22498668200E3EB67 /* Preview Assets.xcassets */ = {isa = PBXFileReference; lastKnownFileType = folder.assetcatalog; path = "Preview Assets.xcassets"; sourceTree = "<group>"; };
		B613ECB52498668200E3EB67 /* Base */ = {isa = PBXFileReference; lastKnownFileType = file.storyboard; name = Base; path = Base.lproj/LaunchScreen.storyboard; sourceTree = "<group>"; };
		B613ECB72498668200E3EB67 /* Info.plist */ = {isa = PBXFileReference; lastKnownFileType = text.plist.xml; path = Info.plist; sourceTree = "<group>"; };
/* End PBXFileReference section */

/* Begin PBXFrameworksBuildPhase section */
		B613ECA32498667F00E3EB67 /* Frameworks */ = {
			isa = PBXFrameworksBuildPhase;
			buildActionMask = 2147483647;
			files = (
			);
			runOnlyForDeploymentPostprocessing = 0;
		};
/* End PBXFrameworksBuildPhase section */

/* Begin PBXGroup section */
		B613EC9D2498667F00E3EB67 = {
			isa = PBXGroup;
			children = (
				B613ECA82498667F00E3EB67 /* diceApp */,
				B613ECA72498667F00E3EB67 /* Products */,
			);
			sourceTree = "<group>";
		};
		B613ECA72498667F00E3EB67 /* Products */ = {
			isa = PBXGroup;
			children = (
				B613ECA62498667F00E3EB67 /* diceApp.app */,
			);
			name = Products;
			sourceTree = "<group>";
		};
		B613ECA82498667F00E3EB67 /* diceApp */ = {
			isa = PBXGroup;
			children = (
				B613ECA92498667F00E3EB67 /* AppDelegate.swift */,
				B613ECAB2498667F00E3EB67 /* SceneDelegate.swift */,
				B613ECAD2498667F00E3EB67 /* ContentView.swift */,
				B613ECAF2498668200E3EB67 /* Assets.xcassets */,
				B613ECB42498668200E3EB67 /* LaunchScreen.storyboard */,
				B613ECB72498668200E3EB67 /* Info.plist */,
				B613ECB12498668200E3EB67 /* Preview Content */,
			);
			path = diceApp;
			sourceTree = "<group>";
		};
		B613ECB12498668200E3EB67 /* Preview Content */ = {
			isa = PBXGroup;
			children = (
				B613ECB22498668200E3EB67 /* Preview Assets.xcassets */,
			);
			path = "Preview Content";
			sourceTree = "<group>";
		};
/* End PBXGroup section */

/* Begin PBXNativeTarget section */
		B613ECA52498667F00E3EB67 /* diceApp */ = {
			isa = PBXNativeTarget;
			buildConfigurationList = B613ECBA2498668200E3EB67 /* Build configuration list for PBXNativeTarget "diceApp" */;
			buildPhases = (
				B613ECA22498667F00E3EB67 /* Sources */,
				B613ECA32498667F00E3EB67 /* Frameworks */,
				B613ECA42498667F00E3EB67 /* Resources */,
			);
			buildRules = (
			);
			dependencies = (
			);
			name = diceApp;
			productName = diceApp;
			productReference = B613ECA62498667F00E3EB67 /* diceApp.app */;
			productType = "com.apple.product-type.application";
		};
/* End PBXNativeTarget section */

/* Begin PBXProject section */
		B613EC9E2498667F00E3EB67 /* Project object */ = {
			isa = PBXProject;
			attributes = {
				LastSwiftUpdateCheck = 1140;
				LastUpgradeCheck = 1140;
				ORGANIZATIONNAME = "W Wessels";
				TargetAttributes = {
					B613ECA52498667F00E3EB67 = {
						CreatedOnToolsVersion = 11.4;
					};
				};
			};
			buildConfigurationList = B613ECA12498667F00E3EB67 /* Build configuration list for PBXProject "diceApp" */;
			compatibilityVersion = "Xcode 9.3";
			developmentRegion = en;
			hasScannedForEncodings = 0;
			knownRegions = (
				en,
				Base,
			);
			mainGroup = B613EC9D2498667F00E3EB67;
			productRefGroup = B613ECA72498667F00E3EB67 /* Products */;
			projectDirPath = "";
			projectRoot = "";
			targets = (
				B613ECA52498667F00E3EB67 /* diceApp */,
			);
		};
/* End PBXProject section */

/* Begin PBXResourcesBuildPhase section */
		B613ECA42498667F00E3EB67 /* Resources */ = {
			isa = PBXResourcesBuildPhase;
			buildActionMask = 2147483647;
			files = (
				B613ECB62498668200E3EB67 /* LaunchScreen.storyboard in Resources */,
				B613ECB32498668200E3EB67 /* Preview Assets.xcassets in Resources */,
				B613ECB02498668200E3EB67 /* Assets.xcassets in Resources */,
			);
			runOnlyForDeploymentPostprocessing = 0;
		};
/* End PBXResourcesBuildPhase section */

/* Begin PBXSourcesBuildPhase section */
		B613ECA22498667F00E3EB67 /* Sources */ = {
			isa = PBXSourcesBuildPhase;
			buildActionMask = 2147483647;
			files = (
				B613ECAA2498667F00E3EB67 /* AppDelegate.swift in Sources */,
				B613ECAC2498667F00E3EB67 /* SceneDelegate.swift in Sources */,
				B613ECAE2498667F00E3EB67 /* ContentView.swift in Sources */,
			);
			runOnlyForDeploymentPostprocessing = 0;
		};
/* End PBXSourcesBuildPhase section */

/* Begin PBXVariantGroup section */
		B613ECB42498668200E3EB67 /* LaunchScreen.storyboard */ = {
			isa = PBXVariantGroup;
			children = (
				B613ECB52498668200E3EB67 /* Base */,
			);
			name = LaunchScreen.storyboard;
			sourceTree = "<group>";
		};
/* End PBXVariantGroup section */

/* Begin XCBuildConfiguration section */
		B613ECB82498668200E3EB67 /* Debug */ = {
			isa = XCBuildConfiguration;
			buildSettings = {
				ALWAYS_SEARCH_USER_PATHS = NO;
				CLANG_ANALYZER_NONNULL = YES;
				CLANG_ANALYZER_NUMBER_OBJECT_CONVERSION = YES_AGGRESSIVE;
				CLANG_CXX_LANGUAGE_STANDARD = "gnu++14";
				CLANG_CXX_LIBRARY = "libc++";
				CLANG_ENABLE_MODULES = YES;
				CLANG_ENABLE_OBJC_ARC = YES;
				CLANG_ENABLE_OBJC_WEAK = YES;
				CLANG_WARN_BLOCK_CAPTURE_AUTORELEASING = YES;
				CLANG_WARN_BOOL_CONVERSION = YES;
				CLANG_WARN_COMMA = YES;
				CLANG_WARN_CONSTANT_CONVERSION = YES;
				CLANG_WARN_DEPRECATED_OBJC_IMPLEMENTATIONS = YES;
				CLANG_WARN_DIRECT_OBJC_ISA_USAGE = YES_ERROR;
				CLANG_WARN_DOCUMENTATION_COMMENTS = YES;
				CLANG_WARN_EMPTY_BODY = YES;
				CLANG_WARN_ENUM_CONVERSION = YES;
				CLANG_WARN_INFINITE_RECURSION = YES;
				CLANG_WARN_INT_CONVERSION = YES;
				CLANG_WARN_NON_LITERAL_NULL_CONVERSION = YES;
				CLANG_WARN_OBJC_IMPLICIT_RETAIN_SELF = YES;
				CLANG_WARN_OBJC_LITERAL_CONVERSION = YES;
				CLANG_WARN_OBJC_ROOT_CLASS = YES_ERROR;
				CLANG_WARN_RANGE_LOOP_ANALYSIS = YES;
				CLANG_WARN_STRICT_PROTOTYPES = YES;
				CLANG_WARN_SUSPICIOUS_MOVE = YES;
				CLANG_WARN_UNGUARDED_AVAILABILITY = YES_AGGRESSIVE;
				CLANG_WARN_UNREACHABLE_CODE = YES;
				CLANG_WARN__DUPLICATE_METHOD_MATCH = YES;
				COPY_PHASE_STRIP = NO;
				DEBUG_INFORMATION_FORMAT = dwarf;
				ENABLE_STRICT_OBJC_MSGSEND = YES;
				ENABLE_TESTABILITY = YES;
				GCC_C_LANGUAGE_STANDARD = gnu11;
				GCC_DYNAMIC_NO_PIC = NO;
				GCC_NO_COMMON_BLOCKS = YES;
				GCC_OPTIMIZATION_LEVEL = 0;
				GCC_PREPROCESSOR_DEFINITIONS = (
					"DEBUG=1",
					"$(inherited)",
				);
				GCC_WARN_64_TO_32_BIT_CONVERSION = YES;
				GCC_WARN_ABOUT_RETURN_TYPE = YES_ERROR;
				GCC_WARN_UNDECLARED_SELECTOR = YES;
				GCC_WARN_UNINITIALIZED_AUTOS = YES_AGGRESSIVE;
				GCC_WARN_UNUSED_FUNCTION = YES;
				GCC_WARN_UNUSED_VARIABLE = YES;
				IPHONEOS_DEPLOYMENT_TARGET = 13.4;
				MTL_ENABLE_DEBUG_INFO = INCLUDE_SOURCE;
				MTL_FAST_MATH = YES;
				ONLY_ACTIVE_ARCH = YES;
				SDKROOT = iphoneos;
				SWIFT_ACTIVE_COMPILATION_CONDITIONS = DEBUG;
				SWIFT_OPTIMIZATION_LEVEL = "-Onone";
			};
			name = Debug;
		};
		B613ECB92498668200E3EB67 /* Release */ = {
			isa = XCBuildConfiguration;
			buildSettings = {
				ALWAYS_SEARCH_USER_PATHS = NO;
				CLANG_ANALYZER_NONNULL = YES;
				CLANG_ANALYZER_NUMBER_OBJECT_CONVERSION = YES_AGGRESSIVE;
				CLANG_CXX_LANGUAGE_STANDARD = "gnu++14";
				CLANG_CXX_LIBRARY = "libc++";
				CLANG_ENABLE_MODULES = YES;
				CLANG_ENABLE_OBJC_ARC = YES;
				CLANG_ENABLE_OBJC_WEAK = YES;
				CLANG_WARN_BLOCK_CAPTURE_AUTORELEASING = YES;
				CLANG_WARN_BOOL_CONVERSION = YES;
				CLANG_WARN_COMMA = YES;
				CLANG_WARN_CONSTANT_CONVERSION = YES;
				CLANG_WARN_DEPRECATED_OBJC_IMPLEMENTATIONS = YES;
				CLANG_WARN_DIRECT_OBJC_ISA_USAGE = YES_ERROR;
				CLANG_WARN_DOCUMENTATION_COMMENTS = YES;
				CLANG_WARN_EMPTY_BODY = YES;
				CLANG_WARN_ENUM_CONVERSION = YES;
				CLANG_WARN_INFINITE_RECURSION = YES;
				CLANG_WARN_INT_CONVERSION = YES;
				CLANG_WARN_NON_LITERAL_NULL_CONVERSION = YES;
				CLANG_WARN_OBJC_IMPLICIT_RETAIN_SELF = YES;
				CLANG_WARN_OBJC_LITERAL_CONVERSION = YES;
				CLANG_WARN_OBJC_ROOT_CLASS = YES_ERROR;
				CLANG_WARN_RANGE_LOOP_ANALYSIS = YES;
				CLANG_WARN_STRICT_PROTOTYPES = YES;
				CLANG_WARN_SUSPICIOUS_MOVE = YES;
				CLANG_WARN_UNGUARDED_AVAILABILITY = YES_AGGRESSIVE;
				CLANG_WARN_UNREACHABLE_CODE = YES;
				CLANG_WARN__DUPLICATE_METHOD_MATCH = YES;
				COPY_PHASE_STRIP = NO;
				DEBUG_INFORMATION_FORMAT = "dwarf-with-dsym";
				ENABLE_NS_ASSERTIONS = NO;
				ENABLE_STRICT_OBJC_MSGSEND = YES;
				GCC_C_LANGUAGE_STANDARD = gnu11;
				GCC_NO_COMMON_BLOCKS = YES;
				GCC_WARN_64_TO_32_BIT_CONVERSION = YES;
				GCC_WARN_ABOUT_RETURN_TYPE = YES_ERROR;
				GCC_WARN_UNDECLARED_SELECTOR = YES;
				GCC_WARN_UNINITIALIZED_AUTOS = YES_AGGRESSIVE;
				GCC_WARN_UNUSED_FUNCTION = YES;
				GCC_WARN_UNUSED_VARIABLE = YES;
				IPHONEOS_DEPLOYMENT_TARGET = 13.4;
				MTL_ENABLE_DEBUG_INFO = NO;
				MTL_FAST_MATH = YES;
				SDKROOT = iphoneos;
				SWIFT_COMPILATION_MODE = wholemodule;
				SWIFT_OPTIMIZATION_LEVEL = "-O";
				VALIDATE_PRODUCT = YES;
			};
			name = Release;
		};
		B613ECBB2498668200E3EB67 /* Debug */ = {
			isa = XCBuildConfiguration;
			buildSettings = {
				ASSETCATALOG_COMPILER_APPICON_NAME = AppIcon;
				CODE_SIGN_STYLE = Automatic;
				DEVELOPMENT_ASSET_PATHS = "\"diceApp/Preview Content\"";
				DEVELOPMENT_TEAM = X8Z3WUUKQT;
				ENABLE_PREVIEWS = YES;
				INFOPLIST_FILE = diceApp/Info.plist;
				LD_RUNPATH_SEARCH_PATHS = (
					"$(inherited)",
					"@executable_path/Frameworks",
				);
				PRODUCT_BUNDLE_IDENTIFIER = insight.diceApp;
				PRODUCT_NAME = "$(TARGET_NAME)";
				SWIFT_VERSION = 5.0;
				TARGETED_DEVICE_FAMILY = "1,2";
			};
			name = Debug;
		};
		B613ECBC2498668200E3EB67 /* Release */ = {
			isa = XCBuildConfiguration;
			buildSettings = {
				ASSETCATALOG_COMPILER_APPICON_NAME = AppIcon;
				CODE_SIGN_STYLE = Automatic;
				DEVELOPMENT_ASSET_PATHS = "\"diceApp/Preview Content\"";
				DEVELOPMENT_TEAM = X8Z3WUUKQT;
				ENABLE_PREVIEWS = YES;
				INFOPLIST_FILE = diceApp/Info.plist;
				LD_RUNPATH_SEARCH_PATHS = (
					"$(inherited)",
					"@executable_path/Frameworks",
				);
				PRODUCT_BUNDLE_IDENTIFIER = insight.diceApp;
				PRODUCT_NAME = "$(TARGET_NAME)";
				SWIFT_VERSION = 5.0;
				TARGETED_DEVICE_FAMILY = "1,2";
			};
			name = Release;
		};
/* End XCBuildConfiguration section */

/* Begin XCConfigurationList section */
		B613ECA12498667F00E3EB67 /* Build configuration list for PBXProject "diceApp" */ = {
			isa = XCConfigurationList;
			buildConfigurations = (
				B613ECB82498668200E3EB67 /* Debug */,
				B613ECB92498668200E3EB67 /* Release */,
			);
			defaultConfigurationIsVisible = 0;
			defaultConfigurationName = Release;
		};
		B613ECBA2498668200E3EB67 /* Build configuration list for PBXNativeTarget "diceApp" */ = {
			isa = XCConfigurationList;
			buildConfigurations = (
				B613ECBB2498668200E3EB67 /* Debug */,
				B613ECBC2498668200E3EB67 /* Release */,
			);
			defaultConfigurationIsVisible = 0;
			defaultConfigurationName = Release;
		};
/* End XCConfigurationList section */
	};
	rootObject = B613EC9E2498667F00E3EB67 /* Project object */;
}
